
Microsoft Visual Studio Solution File, Format Version 12.00
# Visual Studio 14
VisualStudioVersion = 14.0.25123.0
MinimumVisualStudioVersion = 10.0.40219.1
Project("{FAE04EC0-301F-11D3-BF4B-00C04F79EFBC}") = "TestConsoleApp", "TestConsoleApp\TestConsoleApp.csproj", "{A8B4A3A0-A0C4-4E3F-999D-3CBE2B5073F6}"
EndProject
Project("{FAE04EC0-301F-11D3-BF4B-00C04F79EFBC}") = "GameEngine", "GameEngine\GameEngine.csproj", "{22F19B9A-9787-44B3-A260-FEA5DCE371E8}"
EndProject
Project("{FAE04EC0-301F-11D3-BF4B-00C04F79EFBC}") = "TextGame", "TextGame\TextGame.csproj", "{72533898-1795-445E-AF4C-B74DF2CE0B52}"
EndProject
Global
	GlobalSection(SolutionConfigurationPlatforms) = preSolution
		Debug|Any CPU = Debug|Any CPU
		Release|Any CPU = Release|Any CPU
	EndGlobalSection
	GlobalSection(ProjectConfigurationPlatforms) = postSolution
		{A8B4A3A0-A0C4-4E3F-999D-3CBE2B5073F6}.Debug|Any CPU.ActiveCfg = Debug|Any CPU
		{A8B4A3A0-A0C4-4E3F-999D-3CBE2B5073F6}.Debug|Any CPU.Build.0 = Debug|Any CPU
		{A8B4A3A0-A0C4-4E3F-999D-3CBE2B5073F6}.Release|Any CPU.ActiveCfg = Release|Any CPU
		{A8B4A3A0-A0C4-4E3F-999D-3CBE2B5073F6}.Release|Any CPU.Build.0 = Release|Any CPU
		{22F19B9A-9787-44B3-A260-FEA5DCE371E8}.Debug|Any CPU.ActiveCfg = Debug|Any CPU
		{22F19B9A-9787-44B3-A260-FEA5DCE371E8}.Debug|Any CPU.Build.0 = Debug|Any CPU
		{22F19B9A-9787-44B3-A260-FEA5DCE371E8}.Release|Any CPU.ActiveCfg = Release|Any CPU
		{22F19B9A-9787-44B3-A260-FEA5DCE371E8}.Release|Any CPU.Build.0 = Release|Any CPU
		{72533898-1795-445E-AF4C-B74DF2CE0B52}.Debug|Any CPU.ActiveCfg = Debug|Any CPU
		{72533898-1795-445E-AF4C-B74DF2CE0B52}.Debug|Any CPU.Build.0 = Debug|Any CPU
		{72533898-1795-445E-AF4C-B74DF2CE0B52}.Release|Any CPU.ActiveCfg = Release|Any CPU
		{72533898-1795-445E-AF4C-B74DF2CE0B52}.Release|Any CPU.Build.0 = Release|Any CPU
	EndGlobalSection
	GlobalSection(SolutionProperties) = preSolution
		HideSolutionNode = FALSE
	EndGlobalSection
EndGlobal
